
Microsoft Visual Studio Solution File, Format Version 12.00
# Visual Studio 14
VisualStudioVersion = 14.0.25420.1
MinimumVisualStudioVersion = 10.0.40219.1
Project("{FAE04EC0-301F-11D3-BF4B-00C04F79EFBC}") = "UE4.EmptyGame", "UE4.EmptyGame\UE4.EmptyGame.csproj", "{F7DCD6B7-84C8-4F9B-B2D6-457E453D8FA3}"
EndProject
Project("{FAE04EC0-301F-11D3-BF4B-00C04F79EFBC}") = "ProjectGenerator", "ProjectGenerator\ProjectGenerator.csproj", "{1FBB1734-D893-45D9-AB54-0C193658FA43}"
EndProject
Project("{2150E333-8FDC-42A3-9474-1A3956D46DE8}") = "Games", "Games", "{04255575-8BDD-46A8-B0E1-F72DF8E6A45A}"
EndProject
Project("{FAE04EC0-301F-11D3-BF4B-00C04F79EFBC}") = "UE4.Test", "UE4.Test\UE4.Test.csproj", "{F34F596A-8674-4395-A46F-7A6FCC7352D5}"
EndProject
Project("{2150E333-8FDC-42A3-9474-1A3956D46DE8}") = "SDKHeaders", "SDKHeaders", "{4CFAD679-6F04-4D06-ADA6-4CC73E848772}"
EndProject
Project("{FAE04EC0-301F-11D3-BF4B-00C04F79EFBC}") = "ConanExiles", "Games\ConanExiles\ConanExiles.csproj", "{6CF5BF33-0A65-4314-8217-C6AF9A324317}"
EndProject
Project("{2150E333-8FDC-42A3-9474-1A3956D46DE8}") = "ConanExiles", "ConanExiles", "{D8A6B096-A390-4B2D-B03A-6ECF5F6032A9}"
	ProjectSection(SolutionItems) = preProject
		SDKHeaders\ConanExiles\ConanExilesGame.Engine.EngineDamageTypes.cs = SDKHeaders\ConanExiles\ConanExilesGame.Engine.EngineDamageTypes.cs
		SDKHeaders\ConanExiles\ConanExilesGame.Game.Base.Blueprints.cs = SDKHeaders\ConanExiles\ConanExilesGame.Game.Base.Blueprints.cs
		SDKHeaders\ConanExiles\ConanExilesGame.Game.Characters.Avatars.cs = SDKHeaders\ConanExiles\ConanExilesGame.Game.Characters.Avatars.cs
		SDKHeaders\ConanExiles\ConanExilesGame.Game.Characters.Avatars.Mitra.cs = SDKHeaders\ConanExiles\ConanExilesGame.Game.Characters.Avatars.Mitra.cs
		SDKHeaders\ConanExiles\ConanExilesGame.Game.Characters.Avatars.SetSnake.cs = SDKHeaders\ConanExiles\ConanExilesGame.Game.Characters.Avatars.SetSnake.cs
		SDKHeaders\ConanExiles\ConanExilesGame.Game.Characters.Avatars.Yog.cs = SDKHeaders\ConanExiles\ConanExilesGame.Game.Characters.Avatars.Yog.cs
		SDKHeaders\ConanExiles\ConanExilesGame.Game.Characters.cs = SDKHeaders\ConanExiles\ConanExilesGame.Game.Characters.cs
		SDKHeaders\ConanExiles\ConanExilesGame.Game.Characters.Emotes.cs = SDKHeaders\ConanExiles\ConanExilesGame.Game.Characters.Emotes.cs
		SDKHeaders\ConanExiles\ConanExilesGame.Game.Characters.humans.animations.generic.Pickup.cs = SDKHeaders\ConanExiles\ConanExilesGame.Game.Characters.humans.animations.generic.Pickup.cs
		SDKHeaders\ConanExiles\ConanExilesGame.Game.Characters.humans.blueprints.cs = SDKHeaders\ConanExiles\ConanExilesGame.Game.Characters.humans.blueprints.cs
		SDKHeaders\ConanExiles\ConanExilesGame.Game.Characters.NPCs.Bat_Demon.Animations.cs = SDKHeaders\ConanExiles\ConanExilesGame.Game.Characters.NPCs.Bat_Demon.Animations.cs
		SDKHeaders\ConanExiles\ConanExilesGame.Game.Characters.NPCs.Bat_Demon.Blueprints.cs = SDKHeaders\ConanExiles\ConanExilesGame.Game.Characters.NPCs.Bat_Demon.Blueprints.cs
		SDKHeaders\ConanExiles\ConanExilesGame.Game.Characters.NPCs.Camel.Animations.cs = SDKHeaders\ConanExiles\ConanExilesGame.Game.Characters.NPCs.Camel.Animations.cs
		SDKHeaders\ConanExiles\ConanExilesGame.Game.Characters.NPCs.Camel.Blueprints.cs = SDKHeaders\ConanExiles\ConanExilesGame.Game.Characters.NPCs.Camel.Blueprints.cs
		SDKHeaders\ConanExiles\ConanExilesGame.Game.Characters.NPCs.Cobra.Animations.cs = SDKHeaders\ConanExiles\ConanExilesGame.Game.Characters.NPCs.Cobra.Animations.cs
		SDKHeaders\ConanExiles\ConanExilesGame.Game.Characters.NPCs.Cobra.Blueprints.cs = SDKHeaders\ConanExiles\ConanExilesGame.Game.Characters.NPCs.Cobra.Blueprints.cs
		SDKHeaders\ConanExiles\ConanExilesGame.Game.Characters.NPCs.Crocodile.Animations.cs = SDKHeaders\ConanExiles\ConanExilesGame.Game.Characters.NPCs.Crocodile.Animations.cs
		SDKHeaders\ConanExiles\ConanExilesGame.Game.Characters.NPCs.Crocodile.Blueprints.cs = SDKHeaders\ConanExiles\ConanExilesGame.Game.Characters.NPCs.Crocodile.Blueprints.cs
		SDKHeaders\ConanExiles\ConanExilesGame.Game.Characters.NPCs.cs = SDKHeaders\ConanExiles\ConanExilesGame.Game.Characters.NPCs.cs
		SDKHeaders\ConanExiles\ConanExilesGame.Game.Characters.NPCs.Dragon.animations.cs = SDKHeaders\ConanExiles\ConanExilesGame.Game.Characters.NPCs.Dragon.animations.cs
		SDKHeaders\ConanExiles\ConanExilesGame.Game.Characters.NPCs.Dragon.Blueprints.cs = SDKHeaders\ConanExiles\ConanExilesGame.Game.Characters.NPCs.Dragon.Blueprints.cs
		SDKHeaders\ConanExiles\ConanExilesGame.Game.Characters.NPCs.Dragonfly.Animations.cs = SDKHeaders\ConanExiles\ConanExilesGame.Game.Characters.NPCs.Dragonfly.Animations.cs
		SDKHeaders\ConanExiles\ConanExilesGame.Game.Characters.NPCs.Dragonfly.Blueprints.cs = SDKHeaders\ConanExiles\ConanExilesGame.Game.Characters.NPCs.Dragonfly.Blueprints.cs
		SDKHeaders\ConanExiles\ConanExilesGame.Game.Characters.NPCs.Elephant.Animations.cs = SDKHeaders\ConanExiles\ConanExilesGame.Game.Characters.NPCs.Elephant.Animations.cs
		SDKHeaders\ConanExiles\ConanExilesGame.Game.Characters.NPCs.Elephant.Blueprints.cs = SDKHeaders\ConanExiles\ConanExilesGame.Game.Characters.NPCs.Elephant.Blueprints.cs
		SDKHeaders\ConanExiles\ConanExilesGame.Game.Characters.NPCs.Giant_king.Blueprints.cs = SDKHeaders\ConanExiles\ConanExilesGame.Game.Characters.NPCs.Giant_king.Blueprints.cs
		SDKHeaders\ConanExiles\ConanExilesGame.Game.Characters.NPCs.GiantScorpion.Animations.cs = SDKHeaders\ConanExiles\ConanExilesGame.Game.Characters.NPCs.GiantScorpion.Animations.cs
		SDKHeaders\ConanExiles\ConanExilesGame.Game.Characters.NPCs.GiantScorpion.Blueprints.cs = SDKHeaders\ConanExiles\ConanExilesGame.Game.Characters.NPCs.GiantScorpion.Blueprints.cs
		SDKHeaders\ConanExiles\ConanExilesGame.Game.Characters.NPCs.Hooved_Wild.Animations.cs = SDKHeaders\ConanExiles\ConanExilesGame.Game.Characters.NPCs.Hooved_Wild.Animations.cs
		SDKHeaders\ConanExiles\ConanExilesGame.Game.Characters.NPCs.Hooved_Wild.Blueprints.cs = SDKHeaders\ConanExiles\ConanExilesGame.Game.Characters.NPCs.Hooved_Wild.Blueprints.cs
		SDKHeaders\ConanExiles\ConanExilesGame.Game.Characters.NPCs.Humanoid.cs = SDKHeaders\ConanExiles\ConanExilesGame.Game.Characters.NPCs.Humanoid.cs
		SDKHeaders\ConanExiles\ConanExilesGame.Game.Characters.NPCs.Hyena.Animations.cs = SDKHeaders\ConanExiles\ConanExilesGame.Game.Characters.NPCs.Hyena.Animations.cs
		SDKHeaders\ConanExiles\ConanExilesGame.Game.Characters.NPCs.Hyena.Blueprints.cs = SDKHeaders\ConanExiles\ConanExilesGame.Game.Characters.NPCs.Hyena.Blueprints.cs
		SDKHeaders\ConanExiles\ConanExilesGame.Game.Characters.NPCs.Imp.Animations.cs = SDKHeaders\ConanExiles\ConanExilesGame.Game.Characters.NPCs.Imp.Animations.cs
		SDKHeaders\ConanExiles\ConanExilesGame.Game.Characters.NPCs.Imp.Blueprints.cs = SDKHeaders\ConanExiles\ConanExilesGame.Game.Characters.NPCs.Imp.Blueprints.cs
		SDKHeaders\ConanExiles\ConanExilesGame.Game.Characters.NPCs.Imp.cs = SDKHeaders\ConanExiles\ConanExilesGame.Game.Characters.NPCs.Imp.cs
		SDKHeaders\ConanExiles\ConanExilesGame.Game.Characters.NPCs.Locust_Monster.Animations.cs = SDKHeaders\ConanExiles\ConanExilesGame.Game.Characters.NPCs.Locust_Monster.Animations.cs
		SDKHeaders\ConanExiles\ConanExilesGame.Game.Characters.NPCs.Locust_Monster.Blueprints.cs = SDKHeaders\ConanExiles\ConanExilesGame.Game.Characters.NPCs.Locust_Monster.Blueprints.cs
		SDKHeaders\ConanExiles\ConanExilesGame.Game.Characters.NPCs.Ostrich.Animations.cs = SDKHeaders\ConanExiles\ConanExilesGame.Game.Characters.NPCs.Ostrich.Animations.cs
		SDKHeaders\ConanExiles\ConanExilesGame.Game.Characters.NPCs.Ostrich.Blueprints.cs = SDKHeaders\ConanExiles\ConanExilesGame.Game.Characters.NPCs.Ostrich.Blueprints.cs
		SDKHeaders\ConanExiles\ConanExilesGame.Game.Characters.NPCs.Pikefish.animation.cs = SDKHeaders\ConanExiles\ConanExilesGame.Game.Characters.NPCs.Pikefish.animation.cs
		SDKHeaders\ConanExiles\ConanExilesGame.Game.Characters.NPCs.Pikefish.Blueprints.cs = SDKHeaders\ConanExiles\ConanExilesGame.Game.Characters.NPCs.Pikefish.Blueprints.cs
		SDKHeaders\ConanExiles\ConanExilesGame.Game.Characters.NPCs.Piranha.animations.cs = SDKHeaders\ConanExiles\ConanExilesGame.Game.Characters.NPCs.Piranha.animations.cs
		SDKHeaders\ConanExiles\ConanExilesGame.Game.Characters.NPCs.Piranha.Blueprints.cs = SDKHeaders\ConanExiles\ConanExilesGame.Game.Characters.NPCs.Piranha.Blueprints.cs
		SDKHeaders\ConanExiles\ConanExilesGame.Game.Characters.NPCs.Primates.Animations.cs = SDKHeaders\ConanExiles\ConanExilesGame.Game.Characters.NPCs.Primates.Animations.cs
		SDKHeaders\ConanExiles\ConanExilesGame.Game.Characters.NPCs.Primates.Blueprints.cs = SDKHeaders\ConanExiles\ConanExilesGame.Game.Characters.NPCs.Primates.Blueprints.cs
		SDKHeaders\ConanExiles\ConanExilesGame.Game.Characters.NPCs.Primates.cs = SDKHeaders\ConanExiles\ConanExilesGame.Game.Characters.NPCs.Primates.cs
		SDKHeaders\ConanExiles\ConanExilesGame.Game.Characters.NPCs.Rabbit.Animations.cs = SDKHeaders\ConanExiles\ConanExilesGame.Game.Characters.NPCs.Rabbit.Animations.cs
		SDKHeaders\ConanExiles\ConanExilesGame.Game.Characters.NPCs.Rabbit.Blueprints.cs = SDKHeaders\ConanExiles\ConanExilesGame.Game.Characters.NPCs.Rabbit.Blueprints.cs
		SDKHeaders\ConanExiles\ConanExilesGame.Game.Characters.NPCs.Rhino.Animations.cs = SDKHeaders\ConanExiles\ConanExilesGame.Game.Characters.NPCs.Rhino.Animations.cs
		SDKHeaders\ConanExiles\ConanExilesGame.Game.Characters.NPCs.Rhino.Blueprints.cs = SDKHeaders\ConanExiles\ConanExilesGame.Game.Characters.NPCs.Rhino.Blueprints.cs
		SDKHeaders\ConanExiles\ConanExilesGame.Game.Characters.NPCs.Serpent_people_skeleton.Animations.cs = SDKHeaders\ConanExiles\ConanExilesGame.Game.Characters.NPCs.Serpent_people_skeleton.Animations.cs
		SDKHeaders\ConanExiles\ConanExilesGame.Game.Characters.NPCs.Serpent_people_skeleton.Blueprints.cs = SDKHeaders\ConanExiles\ConanExilesGame.Game.Characters.NPCs.Serpent_people_skeleton.Blueprints.cs
		SDKHeaders\ConanExiles\ConanExilesGame.Game.Characters.NPCs.Set_snake.animations.cs = SDKHeaders\ConanExiles\ConanExilesGame.Game.Characters.NPCs.Set_snake.animations.cs
		SDKHeaders\ConanExiles\ConanExilesGame.Game.Characters.NPCs.Set_snake.blueprints.cs = SDKHeaders\ConanExiles\ConanExilesGame.Game.Characters.NPCs.Set_snake.blueprints.cs
		SDKHeaders\ConanExiles\ConanExilesGame.Game.Characters.NPCs.Spider.Animations.cs = SDKHeaders\ConanExiles\ConanExilesGame.Game.Characters.NPCs.Spider.Animations.cs
		SDKHeaders\ConanExiles\ConanExilesGame.Game.Characters.NPCs.Spider.Blueprints.cs = SDKHeaders\ConanExiles\ConanExilesGame.Game.Characters.NPCs.Spider.Blueprints.cs
		SDKHeaders\ConanExiles\ConanExilesGame.Game.Characters.NPCs.Undead.Blueprints.cs = SDKHeaders\ConanExiles\ConanExilesGame.Game.Characters.NPCs.Undead.Blueprints.cs
		SDKHeaders\ConanExiles\ConanExilesGame.Game.Characters.NPCs.Werehyena.Blueprints.cs = SDKHeaders\ConanExiles\ConanExilesGame.Game.Characters.NPCs.Werehyena.Blueprints.cs
		SDKHeaders\ConanExiles\ConanExilesGame.Game.Cinematics.cs = SDKHeaders\ConanExiles\ConanExilesGame.Game.Cinematics.cs
		SDKHeaders\ConanExiles\ConanExilesGame.Game.cs = SDKHeaders\ConanExiles\ConanExilesGame.Game.cs
		SDKHeaders\ConanExiles\ConanExilesGame.Game.Dev.DebugHelpers.cs = SDKHeaders\ConanExiles\ConanExilesGame.Game.Dev.DebugHelpers.cs
		SDKHeaders\ConanExiles\ConanExilesGame.Game.Dev.SmokeTests.cs = SDKHeaders\ConanExiles\ConanExilesGame.Game.Dev.SmokeTests.cs
		SDKHeaders\ConanExiles\ConanExilesGame.Game.Developers.tommyr.cs = SDKHeaders\ConanExiles\ConanExilesGame.Game.Developers.tommyr.cs
		SDKHeaders\ConanExiles\ConanExilesGame.Game.Effects.blueprints.cs = SDKHeaders\ConanExiles\ConanExilesGame.Game.Effects.blueprints.cs
		SDKHeaders\ConanExiles\ConanExilesGame.Game.Effects.Particles.cs = SDKHeaders\ConanExiles\ConanExilesGame.Game.Effects.Particles.cs
		SDKHeaders\ConanExiles\ConanExilesGame.Game.Environment.Blueprints.Lightshaft.cs = SDKHeaders\ConanExiles\ConanExilesGame.Game.Environment.Blueprints.Lightshaft.cs
		SDKHeaders\ConanExiles\ConanExilesGame.Game.Environment.Sandstorm.cs = SDKHeaders\ConanExiles\ConanExilesGame.Game.Environment.Sandstorm.cs
		SDKHeaders\ConanExiles\ConanExilesGame.Game.Items.cs = SDKHeaders\ConanExiles\ConanExilesGame.Game.Items.cs
		SDKHeaders\ConanExiles\ConanExilesGame.Game.Items.Explosives.cs = SDKHeaders\ConanExiles\ConanExilesGame.Game.Items.Explosives.cs
		SDKHeaders\ConanExiles\ConanExilesGame.Game.Items.GatheringResources.cs = SDKHeaders\ConanExiles\ConanExilesGame.Game.Items.GatheringResources.cs
		SDKHeaders\ConanExiles\ConanExilesGame.Game.Items.Hunger.cs = SDKHeaders\ConanExiles\ConanExilesGame.Game.Items.Hunger.cs
		SDKHeaders\ConanExiles\ConanExilesGame.Game.Items.Inventory.cs = SDKHeaders\ConanExiles\ConanExilesGame.Game.Items.Inventory.cs
		SDKHeaders\ConanExiles\ConanExilesGame.Game.Items.LoreObjects.cs = SDKHeaders\ConanExiles\ConanExilesGame.Game.Items.LoreObjects.cs
		SDKHeaders\ConanExiles\ConanExilesGame.Game.Items.Poisons.cs = SDKHeaders\ConanExiles\ConanExilesGame.Game.Items.Poisons.cs
		SDKHeaders\ConanExiles\ConanExilesGame.Game.Items.Weapons.AnimPackage.cs = SDKHeaders\ConanExiles\ConanExilesGame.Game.Items.Weapons.AnimPackage.cs
		SDKHeaders\ConanExiles\ConanExilesGame.Game.Items.Weapons.Club.cs = SDKHeaders\ConanExiles\ConanExilesGame.Game.Items.Weapons.Club.cs
		SDKHeaders\ConanExiles\ConanExilesGame.Game.Items.Weapons.cs = SDKHeaders\ConanExiles\ConanExilesGame.Game.Items.Weapons.cs
		SDKHeaders\ConanExiles\ConanExilesGame.Game.Items.Weapons.Dagger_Offhand.cs = SDKHeaders\ConanExiles\ConanExilesGame.Game.Items.Weapons.Dagger_Offhand.cs
		SDKHeaders\ConanExiles\ConanExilesGame.Game.Items.Weapons.RepairHammer.cs = SDKHeaders\ConanExiles\ConanExilesGame.Game.Items.Weapons.RepairHammer.cs
		SDKHeaders\ConanExiles\ConanExilesGame.Game.Items.Weapons.Waterskin.cs = SDKHeaders\ConanExiles\ConanExilesGame.Game.Items.Weapons.Waterskin.cs
		SDKHeaders\ConanExiles\ConanExilesGame.Game.Maps.ConanSandbox.Cinematics.Blueprints.cs = SDKHeaders\ConanExiles\ConanExilesGame.Game.Maps.ConanSandbox.Cinematics.Blueprints.cs
		SDKHeaders\ConanExiles\ConanExilesGame.Game.Maps.ConanSandbox.Cinematics.cs = SDKHeaders\ConanExiles\ConanExilesGame.Game.Maps.ConanSandbox.Cinematics.cs
		SDKHeaders\ConanExiles\ConanExilesGame.Game.Maps.ConanSandbox.cs = SDKHeaders\ConanExiles\ConanExilesGame.Game.Maps.ConanSandbox.cs
		SDKHeaders\ConanExiles\ConanExilesGame.Game.Marketplace.UltraDynamicSky.Blueprints.cs = SDKHeaders\ConanExiles\ConanExilesGame.Game.Marketplace.UltraDynamicSky.Blueprints.cs
		SDKHeaders\ConanExiles\ConanExilesGame.Game.Master_AnimBP.cs = SDKHeaders\ConanExiles\ConanExilesGame.Game.Master_AnimBP.cs
		SDKHeaders\ConanExiles\ConanExilesGame.Game.Sound.Audio_Blueprints.cs = SDKHeaders\ConanExiles\ConanExilesGame.Game.Sound.Audio_Blueprints.cs
		SDKHeaders\ConanExiles\ConanExilesGame.Game.Sound.Tables.cs = SDKHeaders\ConanExiles\ConanExilesGame.Game.Sound.Tables.cs
		SDKHeaders\ConanExiles\ConanExilesGame.Game.Systems.AI.AI_Controllers.cs = SDKHeaders\ConanExiles\ConanExilesGame.Game.Systems.AI.AI_Controllers.cs
		SDKHeaders\ConanExiles\ConanExilesGame.Game.Systems.AI.AIPerception.cs = SDKHeaders\ConanExiles\ConanExilesGame.Game.Systems.AI.AIPerception.cs
		SDKHeaders\ConanExiles\ConanExilesGame.Game.Systems.AI.cs = SDKHeaders\ConanExiles\ConanExilesGame.Game.Systems.AI.cs
		SDKHeaders\ConanExiles\ConanExilesGame.Game.Systems.AI.Navigation.cs = SDKHeaders\ConanExiles\ConanExilesGame.Game.Systems.AI.Navigation.cs
		SDKHeaders\ConanExiles\ConanExilesGame.Game.Systems.Buffs.Corruption.cs = SDKHeaders\ConanExiles\ConanExilesGame.Game.Systems.Buffs.Corruption.cs
		SDKHeaders\ConanExiles\ConanExilesGame.Game.Systems.Buffs.cs = SDKHeaders\ConanExiles\ConanExilesGame.Game.Systems.Buffs.cs
		SDKHeaders\ConanExiles\ConanExilesGame.Game.Systems.Buffs.Damage_Percent.cs = SDKHeaders\ConanExiles\ConanExilesGame.Game.Systems.Buffs.Damage_Percent.cs
		SDKHeaders\ConanExiles\ConanExilesGame.Game.Systems.Buffs.HealthRegen.cs = SDKHeaders\ConanExiles\ConanExilesGame.Game.Systems.Buffs.HealthRegen.cs
		SDKHeaders\ConanExiles\ConanExilesGame.Game.Systems.Buffs.Hunger_Thirst.cs = SDKHeaders\ConanExiles\ConanExilesGame.Game.Systems.Buffs.Hunger_Thirst.cs
		SDKHeaders\ConanExiles\ConanExilesGame.Game.Systems.Buffs.Sandstorm.cs = SDKHeaders\ConanExiles\ConanExilesGame.Game.Systems.Buffs.Sandstorm.cs
		SDKHeaders\ConanExiles\ConanExilesGame.Game.Systems.Building.BuildingActorComponents.cs = SDKHeaders\ConanExiles\ConanExilesGame.Game.Systems.Building.BuildingActorComponents.cs
		SDKHeaders\ConanExiles\ConanExilesGame.Game.Systems.Building.BuildingInterfaces.cs = SDKHeaders\ConanExiles\ConanExilesGame.Game.Systems.Building.BuildingInterfaces.cs
		SDKHeaders\ConanExiles\ConanExilesGame.Game.Systems.Building.cs = SDKHeaders\ConanExiles\ConanExilesGame.Game.Systems.Building.cs
		SDKHeaders\ConanExiles\ConanExilesGame.Game.Systems.Building.Placeables.cs = SDKHeaders\ConanExiles\ConanExilesGame.Game.Systems.Building.Placeables.cs
		SDKHeaders\ConanExiles\ConanExilesGame.Game.Systems.Building.Placeables.LootChests.cs = SDKHeaders\ConanExiles\ConanExilesGame.Game.Systems.Building.Placeables.LootChests.cs
		SDKHeaders\ConanExiles\ConanExilesGame.Game.Systems.Building.SplinePlaceables.cs = SDKHeaders\ConanExiles\ConanExilesGame.Game.Systems.Building.SplinePlaceables.cs
		SDKHeaders\ConanExiles\ConanExilesGame.Game.Systems.Camps.cs = SDKHeaders\ConanExiles\ConanExilesGame.Game.Systems.Camps.cs
		SDKHeaders\ConanExiles\ConanExilesGame.Game.Systems.Camps.Resources.cs = SDKHeaders\ConanExiles\ConanExilesGame.Game.Systems.Camps.Resources.cs
		SDKHeaders\ConanExiles\ConanExilesGame.Game.Systems.Combat.CameraShake.cs = SDKHeaders\ConanExiles\ConanExilesGame.Game.Systems.Combat.CameraShake.cs
		SDKHeaders\ConanExiles\ConanExilesGame.Game.Systems.Combat.cs = SDKHeaders\ConanExiles\ConanExilesGame.Game.Systems.Combat.cs
		SDKHeaders\ConanExiles\ConanExilesGame.Game.Systems.Combat.EncumbranceSystem.cs = SDKHeaders\ConanExiles\ConanExilesGame.Game.Systems.Combat.EncumbranceSystem.cs
		SDKHeaders\ConanExiles\ConanExilesGame.Game.Systems.Components.cs = SDKHeaders\ConanExiles\ConanExilesGame.Game.Systems.Components.cs
		SDKHeaders\ConanExiles\ConanExilesGame.Game.Systems.Corruption.cs = SDKHeaders\ConanExiles\ConanExilesGame.Game.Systems.Corruption.cs
		SDKHeaders\ConanExiles\ConanExilesGame.Game.Systems.cs = SDKHeaders\ConanExiles\ConanExilesGame.Game.Systems.cs
		SDKHeaders\ConanExiles\ConanExilesGame.Game.Systems.Debug.cs = SDKHeaders\ConanExiles\ConanExilesGame.Game.Systems.Debug.cs
		SDKHeaders\ConanExiles\ConanExilesGame.Game.Systems.Dialogue.cs = SDKHeaders\ConanExiles\ConanExilesGame.Game.Systems.Dialogue.cs
		SDKHeaders\ConanExiles\ConanExilesGame.Game.Systems.Hunger.cs = SDKHeaders\ConanExiles\ConanExilesGame.Game.Systems.Hunger.cs
		SDKHeaders\ConanExiles\ConanExilesGame.Game.Systems.Interfaces.cs = SDKHeaders\ConanExiles\ConanExilesGame.Game.Systems.Interfaces.cs
		SDKHeaders\ConanExiles\ConanExilesGame.Game.Systems.Inventory.cs = SDKHeaders\ConanExiles\ConanExilesGame.Game.Systems.Inventory.cs
		SDKHeaders\ConanExiles\ConanExilesGame.Game.Systems.Loot.cs = SDKHeaders\ConanExiles\ConanExilesGame.Game.Systems.Loot.cs
		SDKHeaders\ConanExiles\ConanExilesGame.Game.Systems.Loot.TableSetup.cs = SDKHeaders\ConanExiles\ConanExilesGame.Game.Systems.Loot.TableSetup.cs
		SDKHeaders\ConanExiles\ConanExilesGame.Game.Systems.Progression.cs = SDKHeaders\ConanExiles\ConanExilesGame.Game.Systems.Progression.cs
		SDKHeaders\ConanExiles\ConanExilesGame.Game.Systems.Religion.cs = SDKHeaders\ConanExiles\ConanExilesGame.Game.Systems.Religion.cs
		SDKHeaders\ConanExiles\ConanExilesGame.Game.Systems.Spawning.cs = SDKHeaders\ConanExiles\ConanExilesGame.Game.Systems.Spawning.cs
		SDKHeaders\ConanExiles\ConanExilesGame.Game.Systems.Spawning.Humans.cs = SDKHeaders\ConanExiles\ConanExilesGame.Game.Systems.Spawning.Humans.cs
		SDKHeaders\ConanExiles\ConanExilesGame.Game.Systems.Spawning.SpawnInputs.cs = SDKHeaders\ConanExiles\ConanExilesGame.Game.Systems.Spawning.SpawnInputs.cs
		SDKHeaders\ConanExiles\ConanExilesGame.Game.Systems.Survival.Gathering.cs = SDKHeaders\ConanExiles\ConanExilesGame.Game.Systems.Survival.Gathering.cs
		SDKHeaders\ConanExiles\ConanExilesGame.Game.Systems.Survival.Gathering.Gathering_v2.cs = SDKHeaders\ConanExiles\ConanExilesGame.Game.Systems.Survival.Gathering.Gathering_v2.cs
		SDKHeaders\ConanExiles\ConanExilesGame.Game.Systems.Thrall.cs = SDKHeaders\ConanExiles\ConanExilesGame.Game.Systems.Thrall.cs
		SDKHeaders\ConanExiles\ConanExilesGame.Game.Tools.CommandPanel.cs = SDKHeaders\ConanExiles\ConanExilesGame.Game.Tools.CommandPanel.cs
		SDKHeaders\ConanExiles\ConanExilesGame.Game.UI.Building.cs = SDKHeaders\ConanExiles\ConanExilesGame.Game.UI.Building.cs
		SDKHeaders\ConanExiles\ConanExilesGame.Game.UI.CharacterCreation.Actors.cs = SDKHeaders\ConanExiles\ConanExilesGame.Game.UI.CharacterCreation.Actors.cs
		SDKHeaders\ConanExiles\ConanExilesGame.Game.UI.CharacterCreation.DataTables.cs = SDKHeaders\ConanExiles\ConanExilesGame.Game.UI.CharacterCreation.DataTables.cs
		SDKHeaders\ConanExiles\ConanExilesGame.Game.UI.Chat.cs = SDKHeaders\ConanExiles\ConanExilesGame.Game.UI.Chat.cs
		SDKHeaders\ConanExiles\ConanExilesGame.Game.UI.Data.cs = SDKHeaders\ConanExiles\ConanExilesGame.Game.UI.Data.cs
		SDKHeaders\ConanExiles\ConanExilesGame.Game.UI.Debug.cs = SDKHeaders\ConanExiles\ConanExilesGame.Game.UI.Debug.cs
		SDKHeaders\ConanExiles\ConanExilesGame.Game.UI.Dialogue.cs = SDKHeaders\ConanExiles\ConanExilesGame.Game.UI.Dialogue.cs
		SDKHeaders\ConanExiles\ConanExilesGame.Game.UI.Framework.cs = SDKHeaders\ConanExiles\ConanExilesGame.Game.UI.Framework.cs
		SDKHeaders\ConanExiles\ConanExilesGame.Game.UI.HUD.cs = SDKHeaders\ConanExiles\ConanExilesGame.Game.UI.HUD.cs
		SDKHeaders\ConanExiles\ConanExilesGame.Game.UI.HUD.FIFOMessages.cs = SDKHeaders\ConanExiles\ConanExilesGame.Game.UI.HUD.FIFOMessages.cs
		SDKHeaders\ConanExiles\ConanExilesGame.Game.UI.HUD.FloatingNames.cs = SDKHeaders\ConanExiles\ConanExilesGame.Game.UI.HUD.FloatingNames.cs
		SDKHeaders\ConanExiles\ConanExilesGame.Game.UI.HUD.Notifications.cs = SDKHeaders\ConanExiles\ConanExilesGame.Game.UI.HUD.Notifications.cs
		SDKHeaders\ConanExiles\ConanExilesGame.Game.UI.Inventory.cs = SDKHeaders\ConanExiles\ConanExilesGame.Game.UI.Inventory.cs
		SDKHeaders\ConanExiles\ConanExilesGame.Game.UI.MainMenu.cs = SDKHeaders\ConanExiles\ConanExilesGame.Game.UI.MainMenu.cs
		SDKHeaders\ConanExiles\ConanExilesGame.Game.UI.MainMenu.Settings.cs = SDKHeaders\ConanExiles\ConanExilesGame.Game.UI.MainMenu.Settings.cs
		SDKHeaders\ConanExiles\ConanExilesGame.Game.UI.MessageBox.cs = SDKHeaders\ConanExiles\ConanExilesGame.Game.UI.MessageBox.cs
		SDKHeaders\ConanExiles\ConanExilesGame.Game.UI.RadialMenus.cs = SDKHeaders\ConanExiles\ConanExilesGame.Game.UI.RadialMenus.cs
		SDKHeaders\ConanExiles\ConanExilesGame.Game.UI.VoiceChat.cs = SDKHeaders\ConanExiles\ConanExilesGame.Game.UI.VoiceChat.cs
		SDKHeaders\ConanExiles\ConanExilesGame.Script.cs = SDKHeaders\ConanExiles\ConanExilesGame.Script.cs
	EndProjectSection
EndProject
Global
	GlobalSection(SolutionConfigurationPlatforms) = preSolution
		Debug|Any CPU = Debug|Any CPU
		Release|Any CPU = Release|Any CPU
	EndGlobalSection
	GlobalSection(ProjectConfigurationPlatforms) = postSolution
		{F7DCD6B7-84C8-4F9B-B2D6-457E453D8FA3}.Debug|Any CPU.ActiveCfg = Debug|Any CPU
		{F7DCD6B7-84C8-4F9B-B2D6-457E453D8FA3}.Debug|Any CPU.Build.0 = Debug|Any CPU
		{F7DCD6B7-84C8-4F9B-B2D6-457E453D8FA3}.Release|Any CPU.ActiveCfg = Release|Any CPU
		{F7DCD6B7-84C8-4F9B-B2D6-457E453D8FA3}.Release|Any CPU.Build.0 = Release|Any CPU
		{1FBB1734-D893-45D9-AB54-0C193658FA43}.Debug|Any CPU.ActiveCfg = Debug|Any CPU
		{1FBB1734-D893-45D9-AB54-0C193658FA43}.Debug|Any CPU.Build.0 = Debug|Any CPU
		{1FBB1734-D893-45D9-AB54-0C193658FA43}.Release|Any CPU.ActiveCfg = Release|Any CPU
		{1FBB1734-D893-45D9-AB54-0C193658FA43}.Release|Any CPU.Build.0 = Release|Any CPU
		{F34F596A-8674-4395-A46F-7A6FCC7352D5}.Debug|Any CPU.ActiveCfg = Debug|Any CPU
		{F34F596A-8674-4395-A46F-7A6FCC7352D5}.Debug|Any CPU.Build.0 = Debug|Any CPU
		{F34F596A-8674-4395-A46F-7A6FCC7352D5}.Release|Any CPU.ActiveCfg = Release|Any CPU
		{F34F596A-8674-4395-A46F-7A6FCC7352D5}.Release|Any CPU.Build.0 = Release|Any CPU
		{6CF5BF33-0A65-4314-8217-C6AF9A324317}.Debug|Any CPU.ActiveCfg = Debug|Any CPU
		{6CF5BF33-0A65-4314-8217-C6AF9A324317}.Debug|Any CPU.Build.0 = Debug|Any CPU
		{6CF5BF33-0A65-4314-8217-C6AF9A324317}.Release|Any CPU.ActiveCfg = Release|Any CPU
		{6CF5BF33-0A65-4314-8217-C6AF9A324317}.Release|Any CPU.Build.0 = Release|Any CPU
	EndGlobalSection
	GlobalSection(SolutionProperties) = preSolution
		HideSolutionNode = FALSE
	EndGlobalSection
	GlobalSection(NestedProjects) = preSolution
		{6CF5BF33-0A65-4314-8217-C6AF9A324317} = {04255575-8BDD-46A8-B0E1-F72DF8E6A45A}
		{D8A6B096-A390-4B2D-B03A-6ECF5F6032A9} = {4CFAD679-6F04-4D06-ADA6-4CC73E848772}
	EndGlobalSection
EndGlobal
