
Microsoft Visual Studio Solution File, Format Version 12.00
# Visual Studio 14
VisualStudioVersion = 14.0.25420.1
MinimumVisualStudioVersion = 10.0.40219.1
Project("{FAE04EC0-301F-11D3-BF4B-00C04F79EFBC}") = "UE4", "UE4\UE4.csproj", "{5F912197-8CE4-42B8-9B50-86D07095DFCA}"
EndProject
Project("{FAE04EC0-301F-11D3-BF4B-00C04F79EFBC}") = "UE4.EmptyGame", "UE4.EmptyGame\UE4.EmptyGame.csproj", "{F7DCD6B7-84C8-4F9B-B2D6-457E453D8FA3}"
EndProject
Project("{FAE04EC0-301F-11D3-BF4B-00C04F79EFBC}") = "ProjectGenerator", "ProjectGenerator\ProjectGenerator.csproj", "{1FBB1734-D893-45D9-AB54-0C193658FA43}"
EndProject
Project("{2150E333-8FDC-42A3-9474-1A3956D46DE8}") = "Games", "Games", "{04255575-8BDD-46A8-B0E1-F72DF8E6A45A}"
EndProject
Project("{FAE04EC0-301F-11D3-BF4B-00C04F79EFBC}") = "ConanExiles", "Games\ConanExiles\ConanExiles.csproj", "{225D783E-4228-49A8-9587-BD09250FDF39}"
EndProject
Global
	GlobalSection(SolutionConfigurationPlatforms) = preSolution
		Debug|Any CPU = Debug|Any CPU
		Release|Any CPU = Release|Any CPU
	EndGlobalSection
	GlobalSection(ProjectConfigurationPlatforms) = postSolution
		{5F912197-8CE4-42B8-9B50-86D07095DFCA}.Debug|Any CPU.ActiveCfg = Debug|Any CPU
		{5F912197-8CE4-42B8-9B50-86D07095DFCA}.Debug|Any CPU.Build.0 = Debug|Any CPU
		{5F912197-8CE4-42B8-9B50-86D07095DFCA}.Release|Any CPU.ActiveCfg = Release|Any CPU
		{5F912197-8CE4-42B8-9B50-86D07095DFCA}.Release|Any CPU.Build.0 = Release|Any CPU
		{F7DCD6B7-84C8-4F9B-B2D6-457E453D8FA3}.Debug|Any CPU.ActiveCfg = Debug|Any CPU
		{F7DCD6B7-84C8-4F9B-B2D6-457E453D8FA3}.Debug|Any CPU.Build.0 = Debug|Any CPU
		{F7DCD6B7-84C8-4F9B-B2D6-457E453D8FA3}.Release|Any CPU.ActiveCfg = Release|Any CPU
		{F7DCD6B7-84C8-4F9B-B2D6-457E453D8FA3}.Release|Any CPU.Build.0 = Release|Any CPU
		{1FBB1734-D893-45D9-AB54-0C193658FA43}.Debug|Any CPU.ActiveCfg = Debug|Any CPU
		{1FBB1734-D893-45D9-AB54-0C193658FA43}.Debug|Any CPU.Build.0 = Debug|Any CPU
		{1FBB1734-D893-45D9-AB54-0C193658FA43}.Release|Any CPU.ActiveCfg = Release|Any CPU
		{1FBB1734-D893-45D9-AB54-0C193658FA43}.Release|Any CPU.Build.0 = Release|Any CPU
		{225D783E-4228-49A8-9587-BD09250FDF39}.Debug|Any CPU.ActiveCfg = Debug|Any CPU
		{225D783E-4228-49A8-9587-BD09250FDF39}.Debug|Any CPU.Build.0 = Debug|Any CPU
		{225D783E-4228-49A8-9587-BD09250FDF39}.Release|Any CPU.ActiveCfg = Release|Any CPU
		{225D783E-4228-49A8-9587-BD09250FDF39}.Release|Any CPU.Build.0 = Release|Any CPU
	EndGlobalSection
	GlobalSection(SolutionProperties) = preSolution
		HideSolutionNode = FALSE
	EndGlobalSection
	GlobalSection(NestedProjects) = preSolution
		{225D783E-4228-49A8-9587-BD09250FDF39} = {04255575-8BDD-46A8-B0E1-F72DF8E6A45A}
	EndGlobalSection
EndGlobal
